
Microsoft Visual Studio Solution File, Format Version 12.00
# Visual Studio 14
VisualStudioVersion = 14.0.23107.0
MinimumVisualStudioVersion = 10.0.40219.1
Project("{FAE04EC0-301F-11D3-BF4B-00C04F79EFBC}") = "NetLib", "NetLib\NetLib.csproj", "{E51A1EED-2886-43A9-88E5-39AEFFD2E0FF}"
EndProject
Project("{FAE04EC0-301F-11D3-BF4B-00C04F79EFBC}") = "Server", "Server\Server.csproj", "{1C726A91-FF21-443B-85CD-F77A5368584C}"
EndProject
Project("{FAE04EC0-301F-11D3-BF4B-00C04F79EFBC}") = "FietsSim", "FietsSim\FietsSim.csproj", "{72863C8E-9EB8-4864-BB44-F45203B50FDD}"
EndProject
Project("{FAE04EC0-301F-11D3-BF4B-00C04F79EFBC}") = "ClientApp", "WindowsFormsApplication1\ClientApp.csproj", "{7741DF92-2F5D-4355-B8E5-838043256D78}"
EndProject
Project("{FAE04EC0-301F-11D3-BF4B-00C04F79EFBC}") = "MonitoringApp V2", "MonitoringApp V2\MonitoringApp V2.csproj", "{5F623D6F-415B-4775-94E7-450753A24BC3}"
EndProject
Global
	GlobalSection(SolutionConfigurationPlatforms) = preSolution
		Debug|Any CPU = Debug|Any CPU
		Release|Any CPU = Release|Any CPU
	EndGlobalSection
	GlobalSection(ProjectConfigurationPlatforms) = postSolution
		{E51A1EED-2886-43A9-88E5-39AEFFD2E0FF}.Debug|Any CPU.ActiveCfg = Debug|Any CPU
		{E51A1EED-2886-43A9-88E5-39AEFFD2E0FF}.Debug|Any CPU.Build.0 = Debug|Any CPU
		{E51A1EED-2886-43A9-88E5-39AEFFD2E0FF}.Release|Any CPU.ActiveCfg = Release|Any CPU
		{E51A1EED-2886-43A9-88E5-39AEFFD2E0FF}.Release|Any CPU.Build.0 = Release|Any CPU
		{1C726A91-FF21-443B-85CD-F77A5368584C}.Debug|Any CPU.ActiveCfg = Debug|Any CPU
		{1C726A91-FF21-443B-85CD-F77A5368584C}.Debug|Any CPU.Build.0 = Debug|Any CPU
		{1C726A91-FF21-443B-85CD-F77A5368584C}.Release|Any CPU.ActiveCfg = Release|Any CPU
		{1C726A91-FF21-443B-85CD-F77A5368584C}.Release|Any CPU.Build.0 = Release|Any CPU
		{72863C8E-9EB8-4864-BB44-F45203B50FDD}.Debug|Any CPU.ActiveCfg = Debug|Any CPU
		{72863C8E-9EB8-4864-BB44-F45203B50FDD}.Debug|Any CPU.Build.0 = Debug|Any CPU
		{72863C8E-9EB8-4864-BB44-F45203B50FDD}.Release|Any CPU.ActiveCfg = Release|Any CPU
		{72863C8E-9EB8-4864-BB44-F45203B50FDD}.Release|Any CPU.Build.0 = Release|Any CPU
		{7741DF92-2F5D-4355-B8E5-838043256D78}.Debug|Any CPU.ActiveCfg = Debug|Any CPU
		{7741DF92-2F5D-4355-B8E5-838043256D78}.Debug|Any CPU.Build.0 = Debug|Any CPU
		{7741DF92-2F5D-4355-B8E5-838043256D78}.Release|Any CPU.ActiveCfg = Release|Any CPU
		{7741DF92-2F5D-4355-B8E5-838043256D78}.Release|Any CPU.Build.0 = Release|Any CPU
		{5F623D6F-415B-4775-94E7-450753A24BC3}.Debug|Any CPU.ActiveCfg = Debug|Any CPU
		{5F623D6F-415B-4775-94E7-450753A24BC3}.Debug|Any CPU.Build.0 = Debug|Any CPU
		{5F623D6F-415B-4775-94E7-450753A24BC3}.Release|Any CPU.ActiveCfg = Release|Any CPU
		{5F623D6F-415B-4775-94E7-450753A24BC3}.Release|Any CPU.Build.0 = Release|Any CPU
	EndGlobalSection
	GlobalSection(SolutionProperties) = preSolution
		HideSolutionNode = FALSE
	EndGlobalSection
EndGlobal
